// !$*UTF8*$!
{
	archiveVersion = 1;
	classes = {
	};
	objectVersion = 50;
	objects = {

/* Begin PBXBuildFile section */
		112D85332284929600E56A8B /* AppDelegate.swift in Sources */ = {isa = PBXBuildFile; fileRef = 112D85322284929600E56A8B /* AppDelegate.swift */; };
		112D85352284929600E56A8B /* ViewController.swift in Sources */ = {isa = PBXBuildFile; fileRef = 112D85342284929600E56A8B /* ViewController.swift */; };
		112D85382284929600E56A8B /* Main.storyboard in Resources */ = {isa = PBXBuildFile; fileRef = 112D85362284929600E56A8B /* Main.storyboard */; };
		112D853A2284929900E56A8B /* Assets.xcassets in Resources */ = {isa = PBXBuildFile; fileRef = 112D85392284929900E56A8B /* Assets.xcassets */; };
		112D853D2284929900E56A8B /* LaunchScreen.storyboard in Resources */ = {isa = PBXBuildFile; fileRef = 112D853B2284929900E56A8B /* LaunchScreen.storyboard */; };
		BBD73C5BF8A8198198A3AC09 /* Pods_TestAPI.framework in Frameworks */ = {isa = PBXBuildFile; fileRef = C7544F43AFE4410193CAF5B4 /* Pods_TestAPI.framework */; };
/* End PBXBuildFile section */

/* Begin PBXFileReference section */
		112D852F2284929600E56A8B /* TestAPI.app */ = {isa = PBXFileReference; explicitFileType = wrapper.application; includeInIndex = 0; path = TestAPI.app; sourceTree = BUILT_PRODUCTS_DIR; };
		112D85322284929600E56A8B /* AppDelegate.swift */ = {isa = PBXFileReference; lastKnownFileType = sourcecode.swift; path = AppDelegate.swift; sourceTree = "<group>"; };
		112D85342284929600E56A8B /* ViewController.swift */ = {isa = PBXFileReference; lastKnownFileType = sourcecode.swift; path = ViewController.swift; sourceTree = "<group>"; };
		112D85372284929600E56A8B /* Base */ = {isa = PBXFileReference; lastKnownFileType = file.storyboard; name = Base; path = Base.lproj/Main.storyboard; sourceTree = "<group>"; };
		112D85392284929900E56A8B /* Assets.xcassets */ = {isa = PBXFileReference; lastKnownFileType = folder.assetcatalog; path = Assets.xcassets; sourceTree = "<group>"; };
		112D853C2284929900E56A8B /* Base */ = {isa = PBXFileReference; lastKnownFileType = file.storyboard; name = Base; path = Base.lproj/LaunchScreen.storyboard; sourceTree = "<group>"; };
		112D853E2284929900E56A8B /* Info.plist */ = {isa = PBXFileReference; lastKnownFileType = text.plist.xml; path = Info.plist; sourceTree = "<group>"; };
		84FB4725DB98448463C0A872 /* Pods-TestAPI.debug.xcconfig */ = {isa = PBXFileReference; includeInIndex = 1; lastKnownFileType = text.xcconfig; name = "Pods-TestAPI.debug.xcconfig"; path = "Target Support Files/Pods-TestAPI/Pods-TestAPI.debug.xcconfig"; sourceTree = "<group>"; };
		C7544F43AFE4410193CAF5B4 /* Pods_TestAPI.framework */ = {isa = PBXFileReference; explicitFileType = wrapper.framework; includeInIndex = 0; path = Pods_TestAPI.framework; sourceTree = BUILT_PRODUCTS_DIR; };
		F248CAFBE7D13F62A1554754 /* Pods-TestAPI.release.xcconfig */ = {isa = PBXFileReference; includeInIndex = 1; lastKnownFileType = text.xcconfig; name = "Pods-TestAPI.release.xcconfig"; path = "Target Support Files/Pods-TestAPI/Pods-TestAPI.release.xcconfig"; sourceTree = "<group>"; };
/* End PBXFileReference section */

/* Begin PBXFrameworksBuildPhase section */
		112D852C2284929600E56A8B /* Frameworks */ = {
			isa = PBXFrameworksBuildPhase;
			buildActionMask = 2147483647;
			files = (
				BBD73C5BF8A8198198A3AC09 /* Pods_TestAPI.framework in Frameworks */,
			);
			runOnlyForDeploymentPostprocessing = 0;
		};
/* End PBXFrameworksBuildPhase section */

/* Begin PBXGroup section */
		112D85262284929600E56A8B = {
			isa = PBXGroup;
			children = (
				112D85312284929600E56A8B /* TestAPI */,
				112D85302284929600E56A8B /* Products */,
				A729F900521E61E18AB5510A /* Pods */,
				4C19D3E21B35D83CC48A254D /* Frameworks */,
			);
			sourceTree = "<group>";
		};
		112D85302284929600E56A8B /* Products */ = {
			isa = PBXGroup;
			children = (
				112D852F2284929600E56A8B /* TestAPI.app */,
			);
			name = Products;
			sourceTree = "<group>";
		};
		112D85312284929600E56A8B /* TestAPI */ = {
			isa = PBXGroup;
			children = (
				112D85322284929600E56A8B /* AppDelegate.swift */,
				112D85342284929600E56A8B /* ViewController.swift */,
				112D85362284929600E56A8B /* Main.storyboard */,
				112D85392284929900E56A8B /* Assets.xcassets */,
				112D853B2284929900E56A8B /* LaunchScreen.storyboard */,
				112D853E2284929900E56A8B /* Info.plist */,
			);
			path = TestAPI;
			sourceTree = "<group>";
		};
		4C19D3E21B35D83CC48A254D /* Frameworks */ = {
			isa = PBXGroup;
			children = (
				C7544F43AFE4410193CAF5B4 /* Pods_TestAPI.framework */,
			);
			name = Frameworks;
			sourceTree = "<group>";
		};
		A729F900521E61E18AB5510A /* Pods */ = {
			isa = PBXGroup;
			children = (
				84FB4725DB98448463C0A872 /* Pods-TestAPI.debug.xcconfig */,
				F248CAFBE7D13F62A1554754 /* Pods-TestAPI.release.xcconfig */,
			);
			name = Pods;
			path = Pods;
			sourceTree = "<group>";
		};
/* End PBXGroup section */

/* Begin PBXNativeTarget section */
		112D852E2284929600E56A8B /* TestAPI */ = {
			isa = PBXNativeTarget;
			buildConfigurationList = 112D85412284929900E56A8B /* Build configuration list for PBXNativeTarget "TestAPI" */;
			buildPhases = (
				EB69D45F514DA8B48EB6D2D7 /* [CP] Check Pods Manifest.lock */,
				112D852B2284929600E56A8B /* Sources */,
				112D852C2284929600E56A8B /* Frameworks */,
				112D852D2284929600E56A8B /* Resources */,
				C9E3A03C6B3B0C3D1BB652E0 /* [CP] Embed Pods Frameworks */,
			);
			buildRules = (
			);
			dependencies = (
			);
			name = TestAPI;
			productName = TestAPI;
			productReference = 112D852F2284929600E56A8B /* TestAPI.app */;
			productType = "com.apple.product-type.application";
		};
/* End PBXNativeTarget section */

/* Begin PBXProject section */
		112D85272284929600E56A8B /* Project object */ = {
			isa = PBXProject;
			attributes = {
				LastSwiftUpdateCheck = 1020;
				LastUpgradeCheck = 1020;
				ORGANIZATIONNAME = "Никита";
				TargetAttributes = {
					112D852E2284929600E56A8B = {
						CreatedOnToolsVersion = 10.2;
					};
				};
			};
			buildConfigurationList = 112D852A2284929600E56A8B /* Build configuration list for PBXProject "TestAPI" */;
			compatibilityVersion = "Xcode 9.3";
			developmentRegion = en;
			hasScannedForEncodings = 0;
			knownRegions = (
				en,
				Base,
			);
			mainGroup = 112D85262284929600E56A8B;
			productRefGroup = 112D85302284929600E56A8B /* Products */;
			projectDirPath = "";
			projectRoot = "";
			targets = (
				112D852E2284929600E56A8B /* TestAPI */,
			);
		};
/* End PBXProject section */

/* Begin PBXResourcesBuildPhase section */
		112D852D2284929600E56A8B /* Resources */ = {
			isa = PBXResourcesBuildPhase;
			buildActionMask = 2147483647;
			files = (
				112D853D2284929900E56A8B /* LaunchScreen.storyboard in Resources */,
				112D853A2284929900E56A8B /* Assets.xcassets in Resources */,
				112D85382284929600E56A8B /* Main.storyboard in Resources */,
			);
			runOnlyForDeploymentPostprocessing = 0;
		};
/* End PBXResourcesBuildPhase section */

/* Begin PBXShellScriptBuildPhase section */
		C9E3A03C6B3B0C3D1BB652E0 /* [CP] Embed Pods Frameworks */ = {
			isa = PBXShellScriptBuildPhase;
			buildActionMask = 2147483647;
			files = (
			);
			inputFileListPaths = (
			);
			inputPaths = (
				"${PODS_ROOT}/Target Support Files/Pods-TestAPI/Pods-TestAPI-frameworks.sh",
				"${BUILT_PRODUCTS_DIR}/Alamofire/Alamofire.framework",
				"${BUILT_PRODUCTS_DIR}/SwiftyJSON/SwiftyJSON.framework",
			);
			name = "[CP] Embed Pods Frameworks";
			outputFileListPaths = (
			);
			outputPaths = (
				"${TARGET_BUILD_DIR}/${FRAMEWORKS_FOLDER_PATH}/Alamofire.framework",
				"${TARGET_BUILD_DIR}/${FRAMEWORKS_FOLDER_PATH}/SwiftyJSON.framework",
			);
			runOnlyForDeploymentPostprocessing = 0;
			shellPath = /bin/sh;
			shellScript = "\"${PODS_ROOT}/Target Support Files/Pods-TestAPI/Pods-TestAPI-frameworks.sh\"\n";
			showEnvVarsInLog = 0;
		};
		EB69D45F514DA8B48EB6D2D7 /* [CP] Check Pods Manifest.lock */ = {
			isa = PBXShellScriptBuildPhase;
			buildActionMask = 2147483647;
			files = (
			);
			inputFileListPaths = (
			);
			inputPaths = (
				"${PODS_PODFILE_DIR_PATH}/Podfile.lock",
				"${PODS_ROOT}/Manifest.lock",
			);
			name = "[CP] Check Pods Manifest.lock";
			outputFileListPaths = (
			);
			outputPaths = (
				"$(DERIVED_FILE_DIR)/Pods-TestAPI-checkManifestLockResult.txt",
			);
			runOnlyForDeploymentPostprocessing = 0;
			shellPath = /bin/sh;
			shellScript = "diff \"${PODS_PODFILE_DIR_PATH}/Podfile.lock\" \"${PODS_ROOT}/Manifest.lock\" > /dev/null\nif [ $? != 0 ] ; then\n    # print error to STDERR\n    echo \"error: The sandbox is not in sync with the Podfile.lock. Run 'pod install' or update your CocoaPods installation.\" >&2\n    exit 1\nfi\n# This output is used by Xcode 'outputs' to avoid re-running this script phase.\necho \"SUCCESS\" > \"${SCRIPT_OUTPUT_FILE_0}\"\n";
			showEnvVarsInLog = 0;
		};
/* End PBXShellScriptBuildPhase section */

/* Begin PBXSourcesBuildPhase section */
		112D852B2284929600E56A8B /* Sources */ = {
			isa = PBXSourcesBuildPhase;
			buildActionMask = 2147483647;
			files = (
				112D85352284929600E56A8B /* ViewController.swift in Sources */,
				112D85332284929600E56A8B /* AppDelegate.swift in Sources */,
			);
			runOnlyForDeploymentPostprocessing = 0;
		};
/* End PBXSourcesBuildPhase section */

/* Begin PBXVariantGroup section */
		112D85362284929600E56A8B /* Main.storyboard */ = {
			isa = PBXVariantGroup;
			children = (
				112D85372284929600E56A8B /* Base */,
			);
			name = Main.storyboard;
			sourceTree = "<group>";
		};
		112D853B2284929900E56A8B /* LaunchScreen.storyboard */ = {
			isa = PBXVariantGroup;
			children = (
				112D853C2284929900E56A8B /* Base */,
			);
			name = LaunchScreen.storyboard;
			sourceTree = "<group>";
		};
/* End PBXVariantGroup section */

/* Begin XCBuildConfiguration section */
		112D853F2284929900E56A8B /* Debug */ = {
			isa = XCBuildConfiguration;
			buildSettings = {
				ALWAYS_SEARCH_USER_PATHS = NO;
				CLANG_ANALYZER_NONNULL = YES;
				CLANG_ANALYZER_NUMBER_OBJECT_CONVERSION = YES_AGGRESSIVE;
				CLANG_CXX_LANGUAGE_STANDARD = "gnu++14";
				CLANG_CXX_LIBRARY = "libc++";
				CLANG_ENABLE_MODULES = YES;
				CLANG_ENABLE_OBJC_ARC = YES;
				CLANG_ENABLE_OBJC_WEAK = YES;
				CLANG_WARN_BLOCK_CAPTURE_AUTORELEASING = YES;
				CLANG_WARN_BOOL_CONVERSION = YES;
				CLANG_WARN_COMMA = YES;
				CLANG_WARN_CONSTANT_CONVERSION = YES;
				CLANG_WARN_DEPRECATED_OBJC_IMPLEMENTATIONS = YES;
				CLANG_WARN_DIRECT_OBJC_ISA_USAGE = YES_ERROR;
				CLANG_WARN_DOCUMENTATION_COMMENTS = YES;
				CLANG_WARN_EMPTY_BODY = YES;
				CLANG_WARN_ENUM_CONVERSION = YES;
				CLANG_WARN_INFINITE_RECURSION = YES;
				CLANG_WARN_INT_CONVERSION = YES;
				CLANG_WARN_NON_LITERAL_NULL_CONVERSION = YES;
				CLANG_WARN_OBJC_IMPLICIT_RETAIN_SELF = YES;
				CLANG_WARN_OBJC_LITERAL_CONVERSION = YES;
				CLANG_WARN_OBJC_ROOT_CLASS = YES_ERROR;
				CLANG_WARN_RANGE_LOOP_ANALYSIS = YES;
				CLANG_WARN_STRICT_PROTOTYPES = YES;
				CLANG_WARN_SUSPICIOUS_MOVE = YES;
				CLANG_WARN_UNGUARDED_AVAILABILITY = YES_AGGRESSIVE;
				CLANG_WARN_UNREACHABLE_CODE = YES;
				CLANG_WARN__DUPLICATE_METHOD_MATCH = YES;
				CODE_SIGN_IDENTITY = "iPhone Developer";
				COPY_PHASE_STRIP = NO;
				DEBUG_INFORMATION_FORMAT = dwarf;
				ENABLE_STRICT_OBJC_MSGSEND = YES;
				ENABLE_TESTABILITY = YES;
				GCC_C_LANGUAGE_STANDARD = gnu11;
				GCC_DYNAMIC_NO_PIC = NO;
				GCC_NO_COMMON_BLOCKS = YES;
				GCC_OPTIMIZATION_LEVEL = 0;
				GCC_PREPROCESSOR_DEFINITIONS = (
					"DEBUG=1",
					"$(inherited)",
				);
				GCC_WARN_64_TO_32_BIT_CONVERSION = YES;
				GCC_WARN_ABOUT_RETURN_TYPE = YES_ERROR;
				GCC_WARN_UNDECLARED_SELECTOR = YES;
				GCC_WARN_UNINITIALIZED_AUTOS = YES_AGGRESSIVE;
				GCC_WARN_UNUSED_FUNCTION = YES;
				GCC_WARN_UNUSED_VARIABLE = YES;
				IPHONEOS_DEPLOYMENT_TARGET = 12.2;
				MTL_ENABLE_DEBUG_INFO = INCLUDE_SOURCE;
				MTL_FAST_MATH = YES;
				ONLY_ACTIVE_ARCH = YES;
				SDKROOT = iphoneos;
				SWIFT_ACTIVE_COMPILATION_CONDITIONS = DEBUG;
				SWIFT_OPTIMIZATION_LEVEL = "-Onone";
			};
			name = Debug;
		};
		112D85402284929900E56A8B /* Release */ = {
			isa = XCBuildConfiguration;
			buildSettings = {
				ALWAYS_SEARCH_USER_PATHS = NO;
				CLANG_ANALYZER_NONNULL = YES;
				CLANG_ANALYZER_NUMBER_OBJECT_CONVERSION = YES_AGGRESSIVE;
				CLANG_CXX_LANGUAGE_STANDARD = "gnu++14";
				CLANG_CXX_LIBRARY = "libc++";
				CLANG_ENABLE_MODULES = YES;
				CLANG_ENABLE_OBJC_ARC = YES;
				CLANG_ENABLE_OBJC_WEAK = YES;
				CLANG_WARN_BLOCK_CAPTURE_AUTORELEASING = YES;
				CLANG_WARN_BOOL_CONVERSION = YES;
				CLANG_WARN_COMMA = YES;
				CLANG_WARN_CONSTANT_CONVERSION = YES;
				CLANG_WARN_DEPRECATED_OBJC_IMPLEMENTATIONS = YES;
				CLANG_WARN_DIRECT_OBJC_ISA_USAGE = YES_ERROR;
				CLANG_WARN_DOCUMENTATION_COMMENTS = YES;
				CLANG_WARN_EMPTY_BODY = YES;
				CLANG_WARN_ENUM_CONVERSION = YES;
				CLANG_WARN_INFINITE_RECURSION = YES;
				CLANG_WARN_INT_CONVERSION = YES;
				CLANG_WARN_NON_LITERAL_NULL_CONVERSION = YES;
				CLANG_WARN_OBJC_IMPLICIT_RETAIN_SELF = YES;
				CLANG_WARN_OBJC_LITERAL_CONVERSION = YES;
				CLANG_WARN_OBJC_ROOT_CLASS = YES_ERROR;
				CLANG_WARN_RANGE_LOOP_ANALYSIS = YES;
				CLANG_WARN_STRICT_PROTOTYPES = YES;
				CLANG_WARN_SUSPICIOUS_MOVE = YES;
				CLANG_WARN_UNGUARDED_AVAILABILITY = YES_AGGRESSIVE;
				CLANG_WARN_UNREACHABLE_CODE = YES;
				CLANG_WARN__DUPLICATE_METHOD_MATCH = YES;
				CODE_SIGN_IDENTITY = "iPhone Developer";
				COPY_PHASE_STRIP = NO;
				DEBUG_INFORMATION_FORMAT = "dwarf-with-dsym";
				ENABLE_NS_ASSERTIONS = NO;
				ENABLE_STRICT_OBJC_MSGSEND = YES;
				GCC_C_LANGUAGE_STANDARD = gnu11;
				GCC_NO_COMMON_BLOCKS = YES;
				GCC_WARN_64_TO_32_BIT_CONVERSION = YES;
				GCC_WARN_ABOUT_RETURN_TYPE = YES_ERROR;
				GCC_WARN_UNDECLARED_SELECTOR = YES;
				GCC_WARN_UNINITIALIZED_AUTOS = YES_AGGRESSIVE;
				GCC_WARN_UNUSED_FUNCTION = YES;
				GCC_WARN_UNUSED_VARIABLE = YES;
				IPHONEOS_DEPLOYMENT_TARGET = 12.2;
				MTL_ENABLE_DEBUG_INFO = NO;
				MTL_FAST_MATH = YES;
				SDKROOT = iphoneos;
				SWIFT_COMPILATION_MODE = wholemodule;
				SWIFT_OPTIMIZATION_LEVEL = "-O";
				VALIDATE_PRODUCT = YES;
			};
			name = Release;
		};
		112D85422284929900E56A8B /* Debug */ = {
			isa = XCBuildConfiguration;
			baseConfigurationReference = 84FB4725DB98448463C0A872 /* Pods-TestAPI.debug.xcconfig */;
			buildSettings = {
				ASSETCATALOG_COMPILER_APPICON_NAME = AppIcon;
				CODE_SIGN_STYLE = Automatic;
				DEVELOPMENT_TEAM = MX8X2BSFQH;
				INFOPLIST_FILE = TestAPI/Info.plist;
				LD_RUNPATH_SEARCH_PATHS = (
					"$(inherited)",
					"@executable_path/Frameworks",
				);
				PRODUCT_BUNDLE_IDENTIFIER = nikita.TestAPI;
				PRODUCT_NAME = "$(TARGET_NAME)";
				SWIFT_VERSION = 5.0;
				TARGETED_DEVICE_FAMILY = "1,2";
			};
			name = Debug;
		};
		112D85432284929900E56A8B /* Release */ = {
			isa = XCBuildConfiguration;
			baseConfigurationReference = F248CAFBE7D13F62A1554754 /* Pods-TestAPI.release.xcconfig */;
			buildSettings = {
				ASSETCATALOG_COMPILER_APPICON_NAME = AppIcon;
				CODE_SIGN_STYLE = Automatic;
				DEVELOPMENT_TEAM = MX8X2BSFQH;
				INFOPLIST_FILE = TestAPI/Info.plist;
				LD_RUNPATH_SEARCH_PATHS = (
					"$(inherited)",
					"@executable_path/Frameworks",
				);
				PRODUCT_BUNDLE_IDENTIFIER = nikita.TestAPI;
				PRODUCT_NAME = "$(TARGET_NAME)";
				SWIFT_VERSION = 5.0;
				TARGETED_DEVICE_FAMILY = "1,2";
			};
			name = Release;
		};
/* End XCBuildConfiguration section */

/* Begin XCConfigurationList section */
		112D852A2284929600E56A8B /* Build configuration list for PBXProject "TestAPI" */ = {
			isa = XCConfigurationList;
			buildConfigurations = (
				112D853F2284929900E56A8B /* Debug */,
				112D85402284929900E56A8B /* Release */,
			);
			defaultConfigurationIsVisible = 0;
			defaultConfigurationName = Release;
		};
		112D85412284929900E56A8B /* Build configuration list for PBXNativeTarget "TestAPI" */ = {
			isa = XCConfigurationList;
			buildConfigurations = (
				112D85422284929900E56A8B /* Debug */,
				112D85432284929900E56A8B /* Release */,
			);
			defaultConfigurationIsVisible = 0;
			defaultConfigurationName = Release;
		};
/* End XCConfigurationList section */
	};
	rootObject = 112D85272284929600E56A8B /* Project object */;
}
